
Microsoft Visual Studio Solution File, Format Version 12.00
# Visual Studio 14
VisualStudioVersion = 14.0.25420.1
MinimumVisualStudioVersion = 10.0.40219.1
Project("{FAE04EC0-301F-11D3-BF4B-00C04F79EFBC}") = "DeviceManager.Droid", "DeviceManager\DeviceManager.Droid\DeviceManager.Droid.csproj", "{15F8FBA7-E7D6-4DB1-A8AB-7F5DDFFF9B56}"
EndProject
Project("{FAE04EC0-301F-11D3-BF4B-00C04F79EFBC}") = "DeviceManager.iOS", "DeviceManager\DeviceManager.iOS\DeviceManager.iOS.csproj", "{AC923BB7-0E53-4201-B1D1-7BE5C9CA83C2}"
EndProject
Project("{FAE04EC0-301F-11D3-BF4B-00C04F79EFBC}") = "DeviceManager.WinPhone", "DeviceManager\DeviceManager.WinPhone\DeviceManager.WinPhone.csproj", "{3CCE6650-DE3A-4969-B1E0-7127CFDA394C}"
EndProject
Project("{FAE04EC0-301F-11D3-BF4B-00C04F79EFBC}") = "DeviceManager", "DeviceManager\DeviceManager\DeviceManager.csproj", "{A0D827A6-315E-4ED0-9B2E-0E3F53E829A0}"
EndProject
Global
	GlobalSection(SolutionConfigurationPlatforms) = preSolution
		Debug|Any CPU = Debug|Any CPU
		Debug|ARM = Debug|ARM
		Debug|iPhone = Debug|iPhone
		Debug|iPhoneSimulator = Debug|iPhoneSimulator
		Debug|x86 = Debug|x86
		Release|Any CPU = Release|Any CPU
		Release|ARM = Release|ARM
		Release|iPhone = Release|iPhone
		Release|iPhoneSimulator = Release|iPhoneSimulator
		Release|x86 = Release|x86
	EndGlobalSection
	GlobalSection(ProjectConfigurationPlatforms) = postSolution
		{15F8FBA7-E7D6-4DB1-A8AB-7F5DDFFF9B56}.Debug|Any CPU.ActiveCfg = Debug|Any CPU
		{15F8FBA7-E7D6-4DB1-A8AB-7F5DDFFF9B56}.Debug|Any CPU.Build.0 = Debug|Any CPU
		{15F8FBA7-E7D6-4DB1-A8AB-7F5DDFFF9B56}.Debug|Any CPU.Deploy.0 = Debug|Any CPU
		{15F8FBA7-E7D6-4DB1-A8AB-7F5DDFFF9B56}.Debug|ARM.ActiveCfg = Debug|Any CPU
		{15F8FBA7-E7D6-4DB1-A8AB-7F5DDFFF9B56}.Debug|ARM.Build.0 = Debug|Any CPU
		{15F8FBA7-E7D6-4DB1-A8AB-7F5DDFFF9B56}.Debug|ARM.Deploy.0 = Debug|Any CPU
		{15F8FBA7-E7D6-4DB1-A8AB-7F5DDFFF9B56}.Debug|iPhone.ActiveCfg = Debug|Any CPU
		{15F8FBA7-E7D6-4DB1-A8AB-7F5DDFFF9B56}.Debug|iPhone.Build.0 = Debug|Any CPU
		{15F8FBA7-E7D6-4DB1-A8AB-7F5DDFFF9B56}.Debug|iPhone.Deploy.0 = Debug|Any CPU
		{15F8FBA7-E7D6-4DB1-A8AB-7F5DDFFF9B56}.Debug|iPhoneSimulator.ActiveCfg = Debug|Any CPU
		{15F8FBA7-E7D6-4DB1-A8AB-7F5DDFFF9B56}.Debug|iPhoneSimulator.Build.0 = Debug|Any CPU
		{15F8FBA7-E7D6-4DB1-A8AB-7F5DDFFF9B56}.Debug|iPhoneSimulator.Deploy.0 = Debug|Any CPU
		{15F8FBA7-E7D6-4DB1-A8AB-7F5DDFFF9B56}.Debug|x86.ActiveCfg = Debug|Any CPU
		{15F8FBA7-E7D6-4DB1-A8AB-7F5DDFFF9B56}.Debug|x86.Build.0 = Debug|Any CPU
		{15F8FBA7-E7D6-4DB1-A8AB-7F5DDFFF9B56}.Debug|x86.Deploy.0 = Debug|Any CPU
		{15F8FBA7-E7D6-4DB1-A8AB-7F5DDFFF9B56}.Release|Any CPU.ActiveCfg = Release|Any CPU
		{15F8FBA7-E7D6-4DB1-A8AB-7F5DDFFF9B56}.Release|Any CPU.Build.0 = Release|Any CPU
		{15F8FBA7-E7D6-4DB1-A8AB-7F5DDFFF9B56}.Release|Any CPU.Deploy.0 = Release|Any CPU
		{15F8FBA7-E7D6-4DB1-A8AB-7F5DDFFF9B56}.Release|ARM.ActiveCfg = Release|Any CPU
		{15F8FBA7-E7D6-4DB1-A8AB-7F5DDFFF9B56}.Release|ARM.Build.0 = Release|Any CPU
		{15F8FBA7-E7D6-4DB1-A8AB-7F5DDFFF9B56}.Release|ARM.Deploy.0 = Release|Any CPU
		{15F8FBA7-E7D6-4DB1-A8AB-7F5DDFFF9B56}.Release|iPhone.ActiveCfg = Release|Any CPU
		{15F8FBA7-E7D6-4DB1-A8AB-7F5DDFFF9B56}.Release|iPhone.Build.0 = Release|Any CPU
		{15F8FBA7-E7D6-4DB1-A8AB-7F5DDFFF9B56}.Release|iPhone.Deploy.0 = Release|Any CPU
		{15F8FBA7-E7D6-4DB1-A8AB-7F5DDFFF9B56}.Release|iPhoneSimulator.ActiveCfg = Release|Any CPU
		{15F8FBA7-E7D6-4DB1-A8AB-7F5DDFFF9B56}.Release|iPhoneSimulator.Build.0 = Release|Any CPU
		{15F8FBA7-E7D6-4DB1-A8AB-7F5DDFFF9B56}.Release|iPhoneSimulator.Deploy.0 = Release|Any CPU
		{15F8FBA7-E7D6-4DB1-A8AB-7F5DDFFF9B56}.Release|x86.ActiveCfg = Release|Any CPU
		{15F8FBA7-E7D6-4DB1-A8AB-7F5DDFFF9B56}.Release|x86.Build.0 = Release|Any CPU
		{15F8FBA7-E7D6-4DB1-A8AB-7F5DDFFF9B56}.Release|x86.Deploy.0 = Release|Any CPU
		{AC923BB7-0E53-4201-B1D1-7BE5C9CA83C2}.Debug|Any CPU.ActiveCfg = Debug|iPhone
		{AC923BB7-0E53-4201-B1D1-7BE5C9CA83C2}.Debug|ARM.ActiveCfg = Debug|iPhone
		{AC923BB7-0E53-4201-B1D1-7BE5C9CA83C2}.Debug|iPhone.ActiveCfg = Debug|iPhone
		{AC923BB7-0E53-4201-B1D1-7BE5C9CA83C2}.Debug|iPhone.Build.0 = Debug|iPhone
		{AC923BB7-0E53-4201-B1D1-7BE5C9CA83C2}.Debug|iPhoneSimulator.ActiveCfg = Debug|iPhoneSimulator
		{AC923BB7-0E53-4201-B1D1-7BE5C9CA83C2}.Debug|iPhoneSimulator.Build.0 = Debug|iPhoneSimulator
		{AC923BB7-0E53-4201-B1D1-7BE5C9CA83C2}.Debug|x86.ActiveCfg = Debug|iPhone
		{AC923BB7-0E53-4201-B1D1-7BE5C9CA83C2}.Release|Any CPU.ActiveCfg = Release|iPhone
		{AC923BB7-0E53-4201-B1D1-7BE5C9CA83C2}.Release|ARM.ActiveCfg = Release|iPhone
		{AC923BB7-0E53-4201-B1D1-7BE5C9CA83C2}.Release|iPhone.ActiveCfg = Release|iPhone
		{AC923BB7-0E53-4201-B1D1-7BE5C9CA83C2}.Release|iPhone.Build.0 = Release|iPhone
		{AC923BB7-0E53-4201-B1D1-7BE5C9CA83C2}.Release|iPhoneSimulator.ActiveCfg = Release|iPhoneSimulator
		{AC923BB7-0E53-4201-B1D1-7BE5C9CA83C2}.Release|iPhoneSimulator.Build.0 = Release|iPhoneSimulator
		{AC923BB7-0E53-4201-B1D1-7BE5C9CA83C2}.Release|x86.ActiveCfg = Release|iPhone
		{3CCE6650-DE3A-4969-B1E0-7127CFDA394C}.Debug|Any CPU.ActiveCfg = Debug|Any CPU
		{3CCE6650-DE3A-4969-B1E0-7127CFDA394C}.Debug|Any CPU.Build.0 = Debug|Any CPU
		{3CCE6650-DE3A-4969-B1E0-7127CFDA394C}.Debug|Any CPU.Deploy.0 = Debug|Any CPU
		{3CCE6650-DE3A-4969-B1E0-7127CFDA394C}.Debug|ARM.ActiveCfg = Debug|ARM
		{3CCE6650-DE3A-4969-B1E0-7127CFDA394C}.Debug|ARM.Build.0 = Debug|ARM
		{3CCE6650-DE3A-4969-B1E0-7127CFDA394C}.Debug|ARM.Deploy.0 = Debug|ARM
		{3CCE6650-DE3A-4969-B1E0-7127CFDA394C}.Debug|iPhone.ActiveCfg = Debug|Any CPU
		{3CCE6650-DE3A-4969-B1E0-7127CFDA394C}.Debug|iPhone.Build.0 = Debug|Any CPU
		{3CCE6650-DE3A-4969-B1E0-7127CFDA394C}.Debug|iPhone.Deploy.0 = Debug|Any CPU
		{3CCE6650-DE3A-4969-B1E0-7127CFDA394C}.Debug|iPhoneSimulator.ActiveCfg = Debug|Any CPU
		{3CCE6650-DE3A-4969-B1E0-7127CFDA394C}.Debug|iPhoneSimulator.Build.0 = Debug|Any CPU
		{3CCE6650-DE3A-4969-B1E0-7127CFDA394C}.Debug|iPhoneSimulator.Deploy.0 = Debug|Any CPU
		{3CCE6650-DE3A-4969-B1E0-7127CFDA394C}.Debug|x86.ActiveCfg = Debug|x86
		{3CCE6650-DE3A-4969-B1E0-7127CFDA394C}.Debug|x86.Build.0 = Debug|x86
		{3CCE6650-DE3A-4969-B1E0-7127CFDA394C}.Debug|x86.Deploy.0 = Debug|x86
		{3CCE6650-DE3A-4969-B1E0-7127CFDA394C}.Release|Any CPU.ActiveCfg = Release|Any CPU
		{3CCE6650-DE3A-4969-B1E0-7127CFDA394C}.Release|Any CPU.Build.0 = Release|Any CPU
		{3CCE6650-DE3A-4969-B1E0-7127CFDA394C}.Release|Any CPU.Deploy.0 = Release|Any CPU
		{3CCE6650-DE3A-4969-B1E0-7127CFDA394C}.Release|ARM.ActiveCfg = Release|ARM
		{3CCE6650-DE3A-4969-B1E0-7127CFDA394C}.Release|ARM.Build.0 = Release|ARM
		{3CCE6650-DE3A-4969-B1E0-7127CFDA394C}.Release|ARM.Deploy.0 = Release|ARM
		{3CCE6650-DE3A-4969-B1E0-7127CFDA394C}.Release|iPhone.ActiveCfg = Release|Any CPU
		{3CCE6650-DE3A-4969-B1E0-7127CFDA394C}.Release|iPhone.Build.0 = Release|Any CPU
		{3CCE6650-DE3A-4969-B1E0-7127CFDA394C}.Release|iPhone.Deploy.0 = Release|Any CPU
		{3CCE6650-DE3A-4969-B1E0-7127CFDA394C}.Release|iPhoneSimulator.ActiveCfg = Release|Any CPU
		{3CCE6650-DE3A-4969-B1E0-7127CFDA394C}.Release|iPhoneSimulator.Build.0 = Release|Any CPU
		{3CCE6650-DE3A-4969-B1E0-7127CFDA394C}.Release|iPhoneSimulator.Deploy.0 = Release|Any CPU
		{3CCE6650-DE3A-4969-B1E0-7127CFDA394C}.Release|x86.ActiveCfg = Release|x86
		{3CCE6650-DE3A-4969-B1E0-7127CFDA394C}.Release|x86.Build.0 = Release|x86
		{3CCE6650-DE3A-4969-B1E0-7127CFDA394C}.Release|x86.Deploy.0 = Release|x86
		{A0D827A6-315E-4ED0-9B2E-0E3F53E829A0}.Debug|Any CPU.ActiveCfg = Debug|Any CPU
		{A0D827A6-315E-4ED0-9B2E-0E3F53E829A0}.Debug|Any CPU.Build.0 = Debug|Any CPU
		{A0D827A6-315E-4ED0-9B2E-0E3F53E829A0}.Debug|ARM.ActiveCfg = Debug|Any CPU
		{A0D827A6-315E-4ED0-9B2E-0E3F53E829A0}.Debug|ARM.Build.0 = Debug|Any CPU
		{A0D827A6-315E-4ED0-9B2E-0E3F53E829A0}.Debug|iPhone.ActiveCfg = Debug|Any CPU
		{A0D827A6-315E-4ED0-9B2E-0E3F53E829A0}.Debug|iPhone.Build.0 = Debug|Any CPU
		{A0D827A6-315E-4ED0-9B2E-0E3F53E829A0}.Debug|iPhoneSimulator.ActiveCfg = Debug|Any CPU
		{A0D827A6-315E-4ED0-9B2E-0E3F53E829A0}.Debug|iPhoneSimulator.Build.0 = Debug|Any CPU
		{A0D827A6-315E-4ED0-9B2E-0E3F53E829A0}.Debug|x86.ActiveCfg = Debug|Any CPU
		{A0D827A6-315E-4ED0-9B2E-0E3F53E829A0}.Debug|x86.Build.0 = Debug|Any CPU
		{A0D827A6-315E-4ED0-9B2E-0E3F53E829A0}.Release|Any CPU.ActiveCfg = Release|Any CPU
		{A0D827A6-315E-4ED0-9B2E-0E3F53E829A0}.Release|Any CPU.Build.0 = Release|Any CPU
		{A0D827A6-315E-4ED0-9B2E-0E3F53E829A0}.Release|ARM.ActiveCfg = Release|Any CPU
		{A0D827A6-315E-4ED0-9B2E-0E3F53E829A0}.Release|ARM.Build.0 = Release|Any CPU
		{A0D827A6-315E-4ED0-9B2E-0E3F53E829A0}.Release|iPhone.ActiveCfg = Release|Any CPU
		{A0D827A6-315E-4ED0-9B2E-0E3F53E829A0}.Release|iPhone.Build.0 = Release|Any CPU
		{A0D827A6-315E-4ED0-9B2E-0E3F53E829A0}.Release|iPhoneSimulator.ActiveCfg = Release|Any CPU
		{A0D827A6-315E-4ED0-9B2E-0E3F53E829A0}.Release|iPhoneSimulator.Build.0 = Release|Any CPU
		{A0D827A6-315E-4ED0-9B2E-0E3F53E829A0}.Release|x86.ActiveCfg = Release|Any CPU
		{A0D827A6-315E-4ED0-9B2E-0E3F53E829A0}.Release|x86.Build.0 = Release|Any CPU
	EndGlobalSection
	GlobalSection(SolutionProperties) = preSolution
		HideSolutionNode = FALSE
	EndGlobalSection
EndGlobal
